
Microsoft Visual Studio Solution File, Format Version 12.00
# Visual Studio 14
VisualStudioVersion = 14.0.25123.0
MinimumVisualStudioVersion = 10.0.40219.1
Project("{FAE04EC0-301F-11D3-BF4B-00C04F79EFBC}") = "StudentSystem.Models", "StudentSystem.Models\StudentSystem.Models.csproj", "{D1E0F2C8-F092-45F8-9A15-D22F18F180EF}"
EndProject
Project("{FAE04EC0-301F-11D3-BF4B-00C04F79EFBC}") = "StudentSystem.Data", "StudentSystem.Data\StudentSystem.Data.csproj", "{CAA92E52-BD0F-42CC-B24D-3A5F18D1D120}"
EndProject
Project("{FAE04EC0-301F-11D3-BF4B-00C04F79EFBC}") = "StudentSystem.ConsoleClient", "StudentSystem.ConsoleClient\StudentSystem.ConsoleClient.csproj", "{AFFE8CF2-D2B7-47BB-ACAD-AB184471BCE7}"
EndProject
Global
	GlobalSection(SolutionConfigurationPlatforms) = preSolution
		Debug|Any CPU = Debug|Any CPU
		Release|Any CPU = Release|Any CPU
	EndGlobalSection
	GlobalSection(ProjectConfigurationPlatforms) = postSolution
		{D1E0F2C8-F092-45F8-9A15-D22F18F180EF}.Debug|Any CPU.ActiveCfg = Debug|Any CPU
		{D1E0F2C8-F092-45F8-9A15-D22F18F180EF}.Debug|Any CPU.Build.0 = Debug|Any CPU
		{D1E0F2C8-F092-45F8-9A15-D22F18F180EF}.Release|Any CPU.ActiveCfg = Release|Any CPU
		{D1E0F2C8-F092-45F8-9A15-D22F18F180EF}.Release|Any CPU.Build.0 = Release|Any CPU
		{CAA92E52-BD0F-42CC-B24D-3A5F18D1D120}.Debug|Any CPU.ActiveCfg = Debug|Any CPU
		{CAA92E52-BD0F-42CC-B24D-3A5F18D1D120}.Debug|Any CPU.Build.0 = Debug|Any CPU
		{CAA92E52-BD0F-42CC-B24D-3A5F18D1D120}.Release|Any CPU.ActiveCfg = Release|Any CPU
		{CAA92E52-BD0F-42CC-B24D-3A5F18D1D120}.Release|Any CPU.Build.0 = Release|Any CPU
		{AFFE8CF2-D2B7-47BB-ACAD-AB184471BCE7}.Debug|Any CPU.ActiveCfg = Debug|Any CPU
		{AFFE8CF2-D2B7-47BB-ACAD-AB184471BCE7}.Debug|Any CPU.Build.0 = Debug|Any CPU
		{AFFE8CF2-D2B7-47BB-ACAD-AB184471BCE7}.Release|Any CPU.ActiveCfg = Release|Any CPU
		{AFFE8CF2-D2B7-47BB-ACAD-AB184471BCE7}.Release|Any CPU.Build.0 = Release|Any CPU
	EndGlobalSection
	GlobalSection(SolutionProperties) = preSolution
		HideSolutionNode = FALSE
	EndGlobalSection
EndGlobal
